# @generated by Move, please check-in and do not edit manually.

[move]
version = 3
manifest_digest = "3EB592D52C912190CD5260BA094AEBD7B69DFBF7E3BF633CB6B5A4E316F94CFC"
deps_digest = "F9B494B64F0615AED0E98FC12A85B85ECD2BC5185C22D30E7F67786BB52E507C"
dependencies = [
  { id = "CetusClmm", name = "CetusClmm" },
  { id = "LpBurn", name = "LpBurn" },
  { id = "Sui", name = "Sui" },
  { id = "TurbosCLMM", name = "TurbosCLMM" },
]

[[move.package]]
id = "CetusClmm"
source = { local = "externals/cetus_clmm" }

dependencies = [
  { id = "IntegerMate", name = "IntegerMate" },
  { id = "MoveSTL", name = "MoveSTL" },
  { id = "Sui", name = "Sui" },
]

[[move.package]]
id = "IntegerMate"
source = { local = "externals/integer-mate" }

dependencies = [
  { id = "Sui", name = "Sui" },
]

[[move.package]]
id = "LpBurn"
source = { local = "externals/lp_burn" }

dependencies = [
  { id = "CetusClmm", name = "CetusClmm" },
  { id = "Sui", name = "Sui" },
]

[[move.package]]
id = "MoveSTL"
source = { local = "externals/move-stl" }

dependencies = [
  { id = "Sui", name = "Sui" },
]

[[move.package]]
id = "MoveStdlib"
source = { git = "https://github.com/MystenLabs/sui.git", rev = "mainnet", subdir = "crates/sui-framework/packages/move-stdlib" }

[[move.package]]
id = "Sui"
source = { git = "https://github.com/MystenLabs/sui.git", rev = "mainnet", subdir = "crates/sui-framework/packages/sui-framework" }

dependencies = [
  { id = "MoveStdlib", name = "MoveStdlib" },
]

[[move.package]]
id = "TurbosCLMM"
source = { local = "externals/turbos_clmm" }

dependencies = [
  { id = "Sui", name = "Sui" },
]

[move.toolchain-version]
compiler-version = "1.49.1"
edition = "2024.beta"
flavor = "sui"

[env]

[env.mainnet]
chain-id = "35834a8a"
original-published-id = "0x9a772c8f42f09428e6fd428b842597f2f073d032d3f7fca3ce126ece8ef9a983"
latest-published-id = "0x9a772c8f42f09428e6fd428b842597f2f073d032d3f7fca3ce126ece8ef9a983"
published-version = "1"

[env.testnet]
chain-id = "4c78adac"
original-published-id = "0x72924735438ce15a1c41b7f80702017ba3e7d3da48940d43edb4404a4c61274a"
latest-published-id = "0x72924735438ce15a1c41b7f80702017ba3e7d3da48940d43edb4404a4c61274a"
published-version = "1"
