# @generated by Move, please check-in and do not edit manually.

[move]
version = 3
manifest_digest = "82B1D91CE4DF8F271C003654EF6FB5A2A84FB8D929CCC6A6B8ECA2E0F9346226"
deps_digest = "3C4103934B1E040BB6B23F1D610B4EF9F2F1166A50A104EADCF77467C004C600"
dependencies = [
  { id = "CetusClmm", name = "CetusClmm" },
  { id = "Sui", name = "Sui" },
]

[[move.package]]
id = "CetusClmm"
source = { local = "externals/cetus_clmm" }

dependencies = [
  { id = "IntegerMate", name = "IntegerMate" },
  { id = "MoveSTL", name = "MoveSTL" },
  { id = "Sui", name = "Sui" },
]

[[move.package]]
id = "IntegerMate"
source = { local = "externals/integer-mate" }

dependencies = [
  { id = "Sui", name = "Sui" },
]

[[move.package]]
id = "MoveSTL"
source = { local = "externals/move-stl" }

dependencies = [
  { id = "Sui", name = "Sui" },
]

[[move.package]]
id = "MoveStdlib"
source = { git = "https://github.com/MystenLabs/sui.git", rev = "framework/testnet", subdir = "crates/sui-framework/packages/move-stdlib" }

[[move.package]]
id = "Sui"
source = { git = "https://github.com/MystenLabs/sui.git", rev = "framework/testnet", subdir = "crates/sui-framework/packages/sui-framework" }

dependencies = [
  { id = "MoveStdlib", name = "MoveStdlib" },
]

[move.toolchain-version]
compiler-version = "1.39.1"
edition = "2024.beta"
flavor = "sui"

[env]

[env.mainnet]
chain-id = "35834a8a"
original-published-id = "0x616665b1f7a09ef99eb3afe76715be4fe6315d9d6aade51b3612d56ff2aedb3b"
latest-published-id = "0x616665b1f7a09ef99eb3afe76715be4fe6315d9d6aade51b3612d56ff2aedb3b"
published-version = "1"
